// !$*UTF8*$!
{
	archiveVersion = 1;
	classes = {
	};
	objectVersion = 48;
	objects = {

/* Begin PBXBuildFile section */
		77D7DB2D203C290800F0F1BD /* AppDelegate.swift in Sources */ = {isa = PBXBuildFile; fileRef = 77D7DB2C203C290800F0F1BD /* AppDelegate.swift */; };
		77D7DB34203C290800F0F1BD /* Assets.xcassets in Resources */ = {isa = PBXBuildFile; fileRef = 77D7DB33203C290800F0F1BD /* Assets.xcassets */; };
		77D7DB37203C290800F0F1BD /* LaunchScreen.storyboard in Resources */ = {isa = PBXBuildFile; fileRef = 77D7DB35203C290800F0F1BD /* LaunchScreen.storyboard */; };
		77D7DB4D203C3A4A00F0F1BD /* HouseTest.swift in Sources */ = {isa = PBXBuildFile; fileRef = 77D7DB4C203C3A4A00F0F1BD /* HouseTest.swift */; };
		77D7DB4F203C3D1000F0F1BD /* House.swift in Sources */ = {isa = PBXBuildFile; fileRef = 77D7DB4E203C3D1000F0F1BD /* House.swift */; };
		77D7DB51203C453800F0F1BD /* SigilTest.swift in Sources */ = {isa = PBXBuildFile; fileRef = 77D7DB50203C453800F0F1BD /* SigilTest.swift */; };
		77D7DB53203C4A7800F0F1BD /* Sigil.swift in Sources */ = {isa = PBXBuildFile; fileRef = 77D7DB52203C4A7800F0F1BD /* Sigil.swift */; };
		77D7DB55203C4FD700F0F1BD /* PersonTest.swift in Sources */ = {isa = PBXBuildFile; fileRef = 77D7DB54203C4FD700F0F1BD /* PersonTest.swift */; };
		77D7DB58203C514A00F0F1BD /* Person.swift in Sources */ = {isa = PBXBuildFile; fileRef = 77D7DB57203C514A00F0F1BD /* Person.swift */; };
/* End PBXBuildFile section */

/* Begin PBXContainerItemProxy section */
		77D7DB3E203C290800F0F1BD /* PBXContainerItemProxy */ = {
			isa = PBXContainerItemProxy;
			containerPortal = 77D7DB21203C290700F0F1BD /* Project object */;
			proxyType = 1;
			remoteGlobalIDString = 77D7DB28203C290700F0F1BD;
			remoteInfo = Westeros_Ultimate;
		};
/* End PBXContainerItemProxy section */

/* Begin PBXFileReference section */
		77D7DB29203C290800F0F1BD /* Westeros_Ultimate.app */ = {isa = PBXFileReference; explicitFileType = wrapper.application; includeInIndex = 0; path = Westeros_Ultimate.app; sourceTree = BUILT_PRODUCTS_DIR; };
		77D7DB2C203C290800F0F1BD /* AppDelegate.swift */ = {isa = PBXFileReference; lastKnownFileType = sourcecode.swift; path = AppDelegate.swift; sourceTree = "<group>"; };
		77D7DB33203C290800F0F1BD /* Assets.xcassets */ = {isa = PBXFileReference; lastKnownFileType = folder.assetcatalog; path = Assets.xcassets; sourceTree = "<group>"; };
		77D7DB36203C290800F0F1BD /* Base */ = {isa = PBXFileReference; lastKnownFileType = file.storyboard; name = Base; path = Base.lproj/LaunchScreen.storyboard; sourceTree = "<group>"; };
		77D7DB38203C290800F0F1BD /* Info.plist */ = {isa = PBXFileReference; lastKnownFileType = text.plist.xml; path = Info.plist; sourceTree = "<group>"; };
		77D7DB3D203C290800F0F1BD /* Westeros_UltimateTests.xctest */ = {isa = PBXFileReference; explicitFileType = wrapper.cfbundle; includeInIndex = 0; path = Westeros_UltimateTests.xctest; sourceTree = BUILT_PRODUCTS_DIR; };
		77D7DB43203C290800F0F1BD /* Info.plist */ = {isa = PBXFileReference; lastKnownFileType = text.plist.xml; path = Info.plist; sourceTree = "<group>"; };
		77D7DB4C203C3A4A00F0F1BD /* HouseTest.swift */ = {isa = PBXFileReference; lastKnownFileType = sourcecode.swift; path = HouseTest.swift; sourceTree = "<group>"; };
		77D7DB4E203C3D1000F0F1BD /* House.swift */ = {isa = PBXFileReference; lastKnownFileType = sourcecode.swift; path = House.swift; sourceTree = "<group>"; };
		77D7DB50203C453800F0F1BD /* SigilTest.swift */ = {isa = PBXFileReference; lastKnownFileType = sourcecode.swift; path = SigilTest.swift; sourceTree = "<group>"; };
		77D7DB52203C4A7800F0F1BD /* Sigil.swift */ = {isa = PBXFileReference; lastKnownFileType = sourcecode.swift; path = Sigil.swift; sourceTree = "<group>"; };
		77D7DB54203C4FD700F0F1BD /* PersonTest.swift */ = {isa = PBXFileReference; lastKnownFileType = sourcecode.swift; path = PersonTest.swift; sourceTree = "<group>"; };
		77D7DB57203C514A00F0F1BD /* Person.swift */ = {isa = PBXFileReference; lastKnownFileType = sourcecode.swift; path = Person.swift; sourceTree = "<group>"; };
/* End PBXFileReference section */

/* Begin PBXFrameworksBuildPhase section */
		77D7DB26203C290700F0F1BD /* Frameworks */ = {
			isa = PBXFrameworksBuildPhase;
			buildActionMask = 2147483647;
			files = (
			);
			runOnlyForDeploymentPostprocessing = 0;
		};
		77D7DB3A203C290800F0F1BD /* Frameworks */ = {
			isa = PBXFrameworksBuildPhase;
			buildActionMask = 2147483647;
			files = (
			);
			runOnlyForDeploymentPostprocessing = 0;
		};
/* End PBXFrameworksBuildPhase section */

/* Begin PBXGroup section */
		77D7DB20203C290700F0F1BD = {
			isa = PBXGroup;
			children = (
				77D7DB2B203C290800F0F1BD /* Westeros_Ultimate */,
				77D7DB40203C290800F0F1BD /* Westeros_UltimateTests */,
				77D7DB2A203C290800F0F1BD /* Products */,
			);
			sourceTree = "<group>";
		};
		77D7DB2A203C290800F0F1BD /* Products */ = {
			isa = PBXGroup;
			children = (
				77D7DB29203C290800F0F1BD /* Westeros_Ultimate.app */,
				77D7DB3D203C290800F0F1BD /* Westeros_UltimateTests.xctest */,
			);
			name = Products;
			sourceTree = "<group>";
		};
		77D7DB2B203C290800F0F1BD /* Westeros_Ultimate */ = {
			isa = PBXGroup;
			children = (
				77D7DB2C203C290800F0F1BD /* AppDelegate.swift */,
				77D7DB33203C290800F0F1BD /* Assets.xcassets */,
				77D7DB35203C290800F0F1BD /* LaunchScreen.storyboard */,
				77D7DB38203C290800F0F1BD /* Info.plist */,
				77D7DB56203C512300F0F1BD /* Domain */,
			);
			path = Westeros_Ultimate;
			sourceTree = "<group>";
		};
		77D7DB40203C290800F0F1BD /* Westeros_UltimateTests */ = {
			isa = PBXGroup;
			children = (
				77D7DB43203C290800F0F1BD /* Info.plist */,
				77D7DB4C203C3A4A00F0F1BD /* HouseTest.swift */,
				77D7DB50203C453800F0F1BD /* SigilTest.swift */,
				77D7DB54203C4FD700F0F1BD /* PersonTest.swift */,
			);
			path = Westeros_UltimateTests;
			sourceTree = "<group>";
		};
		77D7DB56203C512300F0F1BD /* Domain */ = {
			isa = PBXGroup;
			children = (
				77D7DB4E203C3D1000F0F1BD /* House.swift */,
				77D7DB52203C4A7800F0F1BD /* Sigil.swift */,
				77D7DB57203C514A00F0F1BD /* Person.swift */,
			);
			path = Domain;
			sourceTree = "<group>";
		};
/* End PBXGroup section */

/* Begin PBXNativeTarget section */
		77D7DB28203C290700F0F1BD /* Westeros_Ultimate */ = {
			isa = PBXNativeTarget;
			buildConfigurationList = 77D7DB46203C290800F0F1BD /* Build configuration list for PBXNativeTarget "Westeros_Ultimate" */;
			buildPhases = (
				77D7DB25203C290700F0F1BD /* Sources */,
				77D7DB26203C290700F0F1BD /* Frameworks */,
				77D7DB27203C290700F0F1BD /* Resources */,
			);
			buildRules = (
			);
			dependencies = (
			);
			name = Westeros_Ultimate;
			productName = Westeros_Ultimate;
			productReference = 77D7DB29203C290800F0F1BD /* Westeros_Ultimate.app */;
			productType = "com.apple.product-type.application";
		};
		77D7DB3C203C290800F0F1BD /* Westeros_UltimateTests */ = {
			isa = PBXNativeTarget;
			buildConfigurationList = 77D7DB49203C290800F0F1BD /* Build configuration list for PBXNativeTarget "Westeros_UltimateTests" */;
			buildPhases = (
				77D7DB39203C290800F0F1BD /* Sources */,
				77D7DB3A203C290800F0F1BD /* Frameworks */,
				77D7DB3B203C290800F0F1BD /* Resources */,
			);
			buildRules = (
			);
			dependencies = (
				77D7DB3F203C290800F0F1BD /* PBXTargetDependency */,
			);
			name = Westeros_UltimateTests;
			productName = Westeros_UltimateTests;
			productReference = 77D7DB3D203C290800F0F1BD /* Westeros_UltimateTests.xctest */;
			productType = "com.apple.product-type.bundle.unit-test";
		};
/* End PBXNativeTarget section */

/* Begin PBXProject section */
		77D7DB21203C290700F0F1BD /* Project object */ = {
			isa = PBXProject;
			attributes = {
				LastSwiftUpdateCheck = 0920;
				LastUpgradeCheck = 0920;
				ORGANIZATIONNAME = "Manuel Perez Soriano";
				TargetAttributes = {
					77D7DB28203C290700F0F1BD = {
						CreatedOnToolsVersion = 9.2;
						ProvisioningStyle = Automatic;
					};
					77D7DB3C203C290800F0F1BD = {
						CreatedOnToolsVersion = 9.2;
						LastSwiftMigration = 0920;
						ProvisioningStyle = Automatic;
						TestTargetID = 77D7DB28203C290700F0F1BD;
					};
				};
			};
			buildConfigurationList = 77D7DB24203C290700F0F1BD /* Build configuration list for PBXProject "Westeros_Ultimate" */;
			compatibilityVersion = "Xcode 8.0";
			developmentRegion = en;
			hasScannedForEncodings = 0;
			knownRegions = (
				en,
				Base,
			);
			mainGroup = 77D7DB20203C290700F0F1BD;
			productRefGroup = 77D7DB2A203C290800F0F1BD /* Products */;
			projectDirPath = "";
			projectRoot = "";
			targets = (
				77D7DB28203C290700F0F1BD /* Westeros_Ultimate */,
				77D7DB3C203C290800F0F1BD /* Westeros_UltimateTests */,
			);
		};
/* End PBXProject section */

/* Begin PBXResourcesBuildPhase section */
		77D7DB27203C290700F0F1BD /* Resources */ = {
			isa = PBXResourcesBuildPhase;
			buildActionMask = 2147483647;
			files = (
				77D7DB37203C290800F0F1BD /* LaunchScreen.storyboard in Resources */,
				77D7DB34203C290800F0F1BD /* Assets.xcassets in Resources */,
			);
			runOnlyForDeploymentPostprocessing = 0;
		};
		77D7DB3B203C290800F0F1BD /* Resources */ = {
			isa = PBXResourcesBuildPhase;
			buildActionMask = 2147483647;
			files = (
			);
			runOnlyForDeploymentPostprocessing = 0;
		};
/* End PBXResourcesBuildPhase section */

/* Begin PBXSourcesBuildPhase section */
		77D7DB25203C290700F0F1BD /* Sources */ = {
			isa = PBXSourcesBuildPhase;
			buildActionMask = 2147483647;
			files = (
				77D7DB53203C4A7800F0F1BD /* Sigil.swift in Sources */,
				77D7DB4F203C3D1000F0F1BD /* House.swift in Sources */,
				77D7DB2D203C290800F0F1BD /* AppDelegate.swift in Sources */,
				77D7DB58203C514A00F0F1BD /* Person.swift in Sources */,
			);
			runOnlyForDeploymentPostprocessing = 0;
		};
		77D7DB39203C290800F0F1BD /* Sources */ = {
			isa = PBXSourcesBuildPhase;
			buildActionMask = 2147483647;
			files = (
				77D7DB51203C453800F0F1BD /* SigilTest.swift in Sources */,
				77D7DB4D203C3A4A00F0F1BD /* HouseTest.swift in Sources */,
				77D7DB55203C4FD700F0F1BD /* PersonTest.swift in Sources */,
			);
			runOnlyForDeploymentPostprocessing = 0;
		};
/* End PBXSourcesBuildPhase section */

/* Begin PBXTargetDependency section */
		77D7DB3F203C290800F0F1BD /* PBXTargetDependency */ = {
			isa = PBXTargetDependency;
			target = 77D7DB28203C290700F0F1BD /* Westeros_Ultimate */;
			targetProxy = 77D7DB3E203C290800F0F1BD /* PBXContainerItemProxy */;
		};
/* End PBXTargetDependency section */

/* Begin PBXVariantGroup section */
		77D7DB35203C290800F0F1BD /* LaunchScreen.storyboard */ = {
			isa = PBXVariantGroup;
			children = (
				77D7DB36203C290800F0F1BD /* Base */,
			);
			name = LaunchScreen.storyboard;
			sourceTree = "<group>";
		};
/* End PBXVariantGroup section */

/* Begin XCBuildConfiguration section */
		77D7DB44203C290800F0F1BD /* Debug */ = {
			isa = XCBuildConfiguration;
			buildSettings = {
				ALWAYS_SEARCH_USER_PATHS = NO;
				CLANG_ANALYZER_NONNULL = YES;
				CLANG_ANALYZER_NUMBER_OBJECT_CONVERSION = YES_AGGRESSIVE;
				CLANG_CXX_LANGUAGE_STANDARD = "gnu++14";
				CLANG_CXX_LIBRARY = "libc++";
				CLANG_ENABLE_MODULES = YES;
				CLANG_ENABLE_OBJC_ARC = YES;
				CLANG_WARN_BLOCK_CAPTURE_AUTORELEASING = YES;
				CLANG_WARN_BOOL_CONVERSION = YES;
				CLANG_WARN_COMMA = YES;
				CLANG_WARN_CONSTANT_CONVERSION = YES;
				CLANG_WARN_DIRECT_OBJC_ISA_USAGE = YES_ERROR;
				CLANG_WARN_DOCUMENTATION_COMMENTS = YES;
				CLANG_WARN_EMPTY_BODY = YES;
				CLANG_WARN_ENUM_CONVERSION = YES;
				CLANG_WARN_INFINITE_RECURSION = YES;
				CLANG_WARN_INT_CONVERSION = YES;
				CLANG_WARN_NON_LITERAL_NULL_CONVERSION = YES;
				CLANG_WARN_OBJC_LITERAL_CONVERSION = YES;
				CLANG_WARN_OBJC_ROOT_CLASS = YES_ERROR;
				CLANG_WARN_RANGE_LOOP_ANALYSIS = YES;
				CLANG_WARN_STRICT_PROTOTYPES = YES;
				CLANG_WARN_SUSPICIOUS_MOVE = YES;
				CLANG_WARN_UNGUARDED_AVAILABILITY = YES_AGGRESSIVE;
				CLANG_WARN_UNREACHABLE_CODE = YES;
				CLANG_WARN__DUPLICATE_METHOD_MATCH = YES;
				CODE_SIGN_IDENTITY = "iPhone Developer";
				COPY_PHASE_STRIP = NO;
				DEBUG_INFORMATION_FORMAT = dwarf;
				ENABLE_STRICT_OBJC_MSGSEND = YES;
				ENABLE_TESTABILITY = YES;
				GCC_C_LANGUAGE_STANDARD = gnu11;
				GCC_DYNAMIC_NO_PIC = NO;
				GCC_NO_COMMON_BLOCKS = YES;
				GCC_OPTIMIZATION_LEVEL = 0;
				GCC_PREPROCESSOR_DEFINITIONS = (
					"DEBUG=1",
					"$(inherited)",
				);
				GCC_WARN_64_TO_32_BIT_CONVERSION = YES;
				GCC_WARN_ABOUT_RETURN_TYPE = YES_ERROR;
				GCC_WARN_UNDECLARED_SELECTOR = YES;
				GCC_WARN_UNINITIALIZED_AUTOS = YES_AGGRESSIVE;
				GCC_WARN_UNUSED_FUNCTION = YES;
				GCC_WARN_UNUSED_VARIABLE = YES;
				IPHONEOS_DEPLOYMENT_TARGET = 11.2;
				MTL_ENABLE_DEBUG_INFO = YES;
				ONLY_ACTIVE_ARCH = YES;
				SDKROOT = iphoneos;
				SWIFT_ACTIVE_COMPILATION_CONDITIONS = DEBUG;
				SWIFT_OPTIMIZATION_LEVEL = "-Onone";
			};
			name = Debug;
		};
		77D7DB45203C290800F0F1BD /* Release */ = {
			isa = XCBuildConfiguration;
			buildSettings = {
				ALWAYS_SEARCH_USER_PATHS = NO;
				CLANG_ANALYZER_NONNULL = YES;
				CLANG_ANALYZER_NUMBER_OBJECT_CONVERSION = YES_AGGRESSIVE;
				CLANG_CXX_LANGUAGE_STANDARD = "gnu++14";
				CLANG_CXX_LIBRARY = "libc++";
				CLANG_ENABLE_MODULES = YES;
				CLANG_ENABLE_OBJC_ARC = YES;
				CLANG_WARN_BLOCK_CAPTURE_AUTORELEASING = YES;
				CLANG_WARN_BOOL_CONVERSION = YES;
				CLANG_WARN_COMMA = YES;
				CLANG_WARN_CONSTANT_CONVERSION = YES;
				CLANG_WARN_DIRECT_OBJC_ISA_USAGE = YES_ERROR;
				CLANG_WARN_DOCUMENTATION_COMMENTS = YES;
				CLANG_WARN_EMPTY_BODY = YES;
				CLANG_WARN_ENUM_CONVERSION = YES;
				CLANG_WARN_INFINITE_RECURSION = YES;
				CLANG_WARN_INT_CONVERSION = YES;
				CLANG_WARN_NON_LITERAL_NULL_CONVERSION = YES;
				CLANG_WARN_OBJC_LITERAL_CONVERSION = YES;
				CLANG_WARN_OBJC_ROOT_CLASS = YES_ERROR;
				CLANG_WARN_RANGE_LOOP_ANALYSIS = YES;
				CLANG_WARN_STRICT_PROTOTYPES = YES;
				CLANG_WARN_SUSPICIOUS_MOVE = YES;
				CLANG_WARN_UNGUARDED_AVAILABILITY = YES_AGGRESSIVE;
				CLANG_WARN_UNREACHABLE_CODE = YES;
				CLANG_WARN__DUPLICATE_METHOD_MATCH = YES;
				CODE_SIGN_IDENTITY = "iPhone Developer";
				COPY_PHASE_STRIP = NO;
				DEBUG_INFORMATION_FORMAT = "dwarf-with-dsym";
				ENABLE_NS_ASSERTIONS = NO;
				ENABLE_STRICT_OBJC_MSGSEND = YES;
				GCC_C_LANGUAGE_STANDARD = gnu11;
				GCC_NO_COMMON_BLOCKS = YES;
				GCC_WARN_64_TO_32_BIT_CONVERSION = YES;
				GCC_WARN_ABOUT_RETURN_TYPE = YES_ERROR;
				GCC_WARN_UNDECLARED_SELECTOR = YES;
				GCC_WARN_UNINITIALIZED_AUTOS = YES_AGGRESSIVE;
				GCC_WARN_UNUSED_FUNCTION = YES;
				GCC_WARN_UNUSED_VARIABLE = YES;
				IPHONEOS_DEPLOYMENT_TARGET = 11.2;
				MTL_ENABLE_DEBUG_INFO = NO;
				SDKROOT = iphoneos;
				SWIFT_OPTIMIZATION_LEVEL = "-Owholemodule";
				VALIDATE_PRODUCT = YES;
			};
			name = Release;
		};
		77D7DB47203C290800F0F1BD /* Debug */ = {
			isa = XCBuildConfiguration;
			buildSettings = {
				ASSETCATALOG_COMPILER_APPICON_NAME = AppIcon;
				CODE_SIGN_STYLE = Automatic;
				DEVELOPMENT_TEAM = "";
				INFOPLIST_FILE = Westeros_Ultimate/Info.plist;
				LD_RUNPATH_SEARCH_PATHS = "$(inherited) @executable_path/Frameworks";
				PRODUCT_BUNDLE_IDENTIFIER = "com.manuelperez.Westeros-Ultimate";
				PRODUCT_NAME = "$(TARGET_NAME)";
				SWIFT_VERSION = 4.0;
				TARGETED_DEVICE_FAMILY = "1,2";
			};
			name = Debug;
		};
		77D7DB48203C290800F0F1BD /* Release */ = {
			isa = XCBuildConfiguration;
			buildSettings = {
				ASSETCATALOG_COMPILER_APPICON_NAME = AppIcon;
				CODE_SIGN_STYLE = Automatic;
				DEVELOPMENT_TEAM = "";
				INFOPLIST_FILE = Westeros_Ultimate/Info.plist;
				LD_RUNPATH_SEARCH_PATHS = "$(inherited) @executable_path/Frameworks";
				PRODUCT_BUNDLE_IDENTIFIER = "com.manuelperez.Westeros-Ultimate";
				PRODUCT_NAME = "$(TARGET_NAME)";
				SWIFT_VERSION = 4.0;
				TARGETED_DEVICE_FAMILY = "1,2";
			};
			name = Release;
		};
		77D7DB4A203C290800F0F1BD /* Debug */ = {
			isa = XCBuildConfiguration;
			buildSettings = {
				ALWAYS_EMBED_SWIFT_STANDARD_LIBRARIES = YES;
				BUNDLE_LOADER = "$(TEST_HOST)";
				CLANG_ENABLE_MODULES = YES;
				CODE_SIGN_STYLE = Automatic;
				DEVELOPMENT_TEAM = TG9AL4AHDM;
				INFOPLIST_FILE = Westeros_UltimateTests/Info.plist;
				LD_RUNPATH_SEARCH_PATHS = "$(inherited) @executable_path/Frameworks @loader_path/Frameworks";
				PRODUCT_BUNDLE_IDENTIFIER = "com.manuelperez.Westeros-UltimateTests";
				PRODUCT_NAME = "$(TARGET_NAME)";
				SWIFT_OPTIMIZATION_LEVEL = "-Onone";
				SWIFT_VERSION = 4.0;
				TARGETED_DEVICE_FAMILY = "1,2";
				TEST_HOST = "$(BUILT_PRODUCTS_DIR)/Westeros_Ultimate.app/Westeros_Ultimate";
			};
			name = Debug;
		};
		77D7DB4B203C290800F0F1BD /* Release */ = {
			isa = XCBuildConfiguration;
			buildSettings = {
				ALWAYS_EMBED_SWIFT_STANDARD_LIBRARIES = YES;
				BUNDLE_LOADER = "$(TEST_HOST)";
				CLANG_ENABLE_MODULES = YES;
				CODE_SIGN_STYLE = Automatic;
				DEVELOPMENT_TEAM = TG9AL4AHDM;
				INFOPLIST_FILE = Westeros_UltimateTests/Info.plist;
				LD_RUNPATH_SEARCH_PATHS = "$(inherited) @executable_path/Frameworks @loader_path/Frameworks";
				PRODUCT_BUNDLE_IDENTIFIER = "com.manuelperez.Westeros-UltimateTests";
				PRODUCT_NAME = "$(TARGET_NAME)";
				SWIFT_VERSION = 4.0;
				TARGETED_DEVICE_FAMILY = "1,2";
				TEST_HOST = "$(BUILT_PRODUCTS_DIR)/Westeros_Ultimate.app/Westeros_Ultimate";
			};
			name = Release;
		};
/* End XCBuildConfiguration section */

/* Begin XCConfigurationList section */
		77D7DB24203C290700F0F1BD /* Build configuration list for PBXProject "Westeros_Ultimate" */ = {
			isa = XCConfigurationList;
			buildConfigurations = (
				77D7DB44203C290800F0F1BD /* Debug */,
				77D7DB45203C290800F0F1BD /* Release */,
			);
			defaultConfigurationIsVisible = 0;
			defaultConfigurationName = Release;
		};
		77D7DB46203C290800F0F1BD /* Build configuration list for PBXNativeTarget "Westeros_Ultimate" */ = {
			isa = XCConfigurationList;
			buildConfigurations = (
				77D7DB47203C290800F0F1BD /* Debug */,
				77D7DB48203C290800F0F1BD /* Release */,
			);
			defaultConfigurationIsVisible = 0;
			defaultConfigurationName = Release;
		};
		77D7DB49203C290800F0F1BD /* Build configuration list for PBXNativeTarget "Westeros_UltimateTests" */ = {
			isa = XCConfigurationList;
			buildConfigurations = (
				77D7DB4A203C290800F0F1BD /* Debug */,
				77D7DB4B203C290800F0F1BD /* Release */,
			);
			defaultConfigurationIsVisible = 0;
			defaultConfigurationName = Release;
		};
/* End XCConfigurationList section */
	};
	rootObject = 77D7DB21203C290700F0F1BD /* Project object */;
}
